<?xml version="1.0" encoding="utf-8"?>
<Project ToolsVersion="4.0" xmlns="http://schemas.microsoft.com/developer/msbuild/2003">
  <ItemGroup>
    <Filter Include="Resource Files">
      <UniqueIdentifier>{67DA6AB6-F800-4c08-8B7A-83BB121AAD01}</UniqueIdentifier>
      <Extensions>rc;ico;cur;bmp;dlg;rc2;rct;bin;rgs;gif;jpg;jpeg;jpe;resx;tiff;tif;png;wav;mfcribbon-ms</Extensions>
    </Filter>
    <Filter Include="Application">
      <UniqueIdentifier>{8e8d369e-9263-4c06-9a65-a75d9ca6c093}</UniqueIdentifier>
    </Filter>
  </ItemGroup>
  <ItemGroup>
    <Text Include="ReadMe.txt" />
  </ItemGroup>
  <ItemGroup>
    <ClCompile Include="Source\Application\Dwarf Star Engine.cpp">
      <Filter>Application</Filter>
    </ClCompile>
    <ClCompile Include="Source\Application\stdafx.cpp">
      <Filter>Application</Filter>
    </ClCompile>
  </ItemGroup>
  <ItemGroup>
    <ClInclude Include="Source\Application\Dwarf Star Engine.h">
      <Filter>Application</Filter>
    </ClInclude>
    <ClInclude Include="Source\Application\Resource.h">
      <Filter>Application</Filter>
    </ClInclude>
    <ClInclude Include="Source\Application\stdafx.h">
      <Filter>Application</Filter>
    </ClInclude>
    <ClInclude Include="Source\Application\targetver.h">
      <Filter>Application</Filter>
    </ClInclude>
  </ItemGroup>
  <ItemGroup>
    <Image Include="Source\Application\Dwarf Star Engine.ico">
      <Filter>Application</Filter>
    </Image>
    <Image Include="Source\Application\small.ico">
      <Filter>Application</Filter>
    </Image>
  </ItemGroup>
</Project>